schema_version: 1
kind: layout_adapter
renderer: pptx
layout_id: cover-photo-overlay-block
family: cover
support_status: baseline-from-core
source:
  path: prompt_system/layouts/cover-photo-overlay-block.yaml
  sha256: 491f7167d1ddd8b41eac09bf5014c886837a81fb07290c4186940e2c7f4907aa
core_refs:
  media_requirement: prompt_system/layouts/cover-photo-overlay-block.yaml#media_requirement
  slots: prompt_system/layouts/cover-photo-overlay-block.yaml#slots
  safe_area: prompt_system/layouts/cover-photo-overlay-block.yaml#safe_area
  alignment: prompt_system/layouts/cover-photo-overlay-block.yaml#alignment_rules
  visual_balance: prompt_system/layouts/cover-photo-overlay-block.yaml#visual_balance
  decoration: null
projection:
  output: pptx-layout-and-placeholder-manifest
  layout_name: layout--cover-photo-overlay-block
  parent_master_ref: selected-theme-adapter.projection.master_name
  background_role: cover
  background_role_ref: selected-theme-adapter.projection.background_set_ref#roles[id=cover]
  placeholder_geometry_policy: role-placeholder-first-then-fit-core-content-semantics
  slide_size_in:
  - 13.333
  - 7.5
  slot_entries:
  - slot_id: title
    source_ref: prompt_system/layouts/cover-photo-overlay-block.yaml#slots[id=title]
    geometry_ref: prompt_system/layouts/cover-photo-overlay-block.yaml#slots[id=title].region
    geometry_kind: region
    semantic_role: title
    placeholder_type: title
    geometry_transform: percent-region-to-13.333x7.5-inch
    materialization: native-text-or-shape
  - slot_id: subtitle
    source_ref: prompt_system/layouts/cover-photo-overlay-block.yaml#slots[id=subtitle]
    geometry_ref: prompt_system/layouts/cover-photo-overlay-block.yaml#slots[id=subtitle].region
    geometry_kind: region
    semantic_role: subtitle
    placeholder_type: subtitle
    geometry_transform: percent-region-to-13.333x7.5-inch
    materialization: native-text-or-shape
  rules:
  - references/pptx-generation-rules.md
